
Microsoft Visual Studio Solution File, Format Version 12.00
# Visual Studio Version 17
VisualStudioVersion = 17.4.33122.133
MinimumVisualStudioVersion = 10.0.40219.1
Project("{FAE04EC0-301F-11D3-BF4B-00C04F79EFBC}") = "laba-1-3", "laba-1-3\laba-1-3.csproj", "{72191A30-B427-447B-BCD4-2CF1EB47F802}"
EndProject
Global
	GlobalSection(SolutionConfigurationPlatforms) = preSolution
		Debug|Any CPU = Debug|Any CPU
		Release|Any CPU = Release|Any CPU
	EndGlobalSection
	GlobalSection(ProjectConfigurationPlatforms) = postSolution
		{72191A30-B427-447B-BCD4-2CF1EB47F802}.Debug|Any CPU.ActiveCfg = Debug|Any CPU
		{72191A30-B427-447B-BCD4-2CF1EB47F802}.Debug|Any CPU.Build.0 = Debug|Any CPU
		{72191A30-B427-447B-BCD4-2CF1EB47F802}.Release|Any CPU.ActiveCfg = Release|Any CPU
		{72191A30-B427-447B-BCD4-2CF1EB47F802}.Release|Any CPU.Build.0 = Release|Any CPU
	EndGlobalSection
	GlobalSection(SolutionProperties) = preSolution
		HideSolutionNode = FALSE
	EndGlobalSection
	GlobalSection(ExtensibilityGlobals) = postSolution
		SolutionGuid = {8E64EEAA-6A6C-463B-B7A4-2A0CA11E6684}
	EndGlobalSection
EndGlobal
